
Microsoft Visual Studio Solution File, Format Version 12.00
# Visual Studio Version 16
VisualStudioVersion = 16.0.34301.259
MinimumVisualStudioVersion = 10.0.40219.1
Project("{F184B08F-C81C-45F6-A57F-5ABD9991F28F}") = "WindowsApp1", "WindowsApp1\WindowsApp1.vbproj", "{F60E3EEB-5494-4BBA-96AA-89B7C448B373}"
EndProject
Global
	GlobalSection(SolutionConfigurationPlatforms) = preSolution
		Debug|Any CPU = Debug|Any CPU
		Release|Any CPU = Release|Any CPU
	EndGlobalSection
	GlobalSection(ProjectConfigurationPlatforms) = postSolution
		{F60E3EEB-5494-4BBA-96AA-89B7C448B373}.Debug|Any CPU.ActiveCfg = Debug|Any CPU
		{F60E3EEB-5494-4BBA-96AA-89B7C448B373}.Debug|Any CPU.Build.0 = Debug|Any CPU
		{F60E3EEB-5494-4BBA-96AA-89B7C448B373}.Release|Any CPU.ActiveCfg = Release|Any CPU
		{F60E3EEB-5494-4BBA-96AA-89B7C448B373}.Release|Any CPU.Build.0 = Release|Any CPU
	EndGlobalSection
	GlobalSection(SolutionProperties) = preSolution
		HideSolutionNode = FALSE
	EndGlobalSection
	GlobalSection(ExtensibilityGlobals) = postSolution
		SolutionGuid = {257594D3-1525-4A70-812E-2D99CDBD1EB4}
	EndGlobalSection
EndGlobal
